// !$*UTF8*$!
{
	archiveVersion = 1;
	classes = {
	};
	objectVersion = 51;
	objects = {

/* Begin PBXBuildFile section */
		1C819761B2A41EA7AE8AFD95 /* Pods_InfoCorona.framework in Frameworks */ = {isa = PBXBuildFile; fileRef = B36CFCF2D7232B3871CF728E /* Pods_InfoCorona.framework */; };
		963845E3242C776000E355C5 /* XYMarkerView.swift in Sources */ = {isa = PBXBuildFile; fileRef = 963845E2242C776000E355C5 /* XYMarkerView.swift */; };
		963845E9242C794200E355C5 /* BalloonMarker.swift in Sources */ = {isa = PBXBuildFile; fileRef = 963845E8242C794200E355C5 /* BalloonMarker.swift */; };
		963845EB242C7CE000E355C5 /* dm.swift in Sources */ = {isa = PBXBuildFile; fileRef = 963845EA242C7CE000E355C5 /* dm.swift */; };
		963845EF242CFF7400E355C5 /* mythTableViewCell.swift in Sources */ = {isa = PBXBuildFile; fileRef = 963845EE242CFF7400E355C5 /* mythTableViewCell.swift */; };
		963845F1242D02EC00E355C5 /* mythVC.swift in Sources */ = {isa = PBXBuildFile; fileRef = 963845F0242D02EC00E355C5 /* mythVC.swift */; };
		96E12AC7242B14560084BB42 /* AppDelegate.swift in Sources */ = {isa = PBXBuildFile; fileRef = 96E12AC6242B14560084BB42 /* AppDelegate.swift */; };
		96E12AC9242B14560084BB42 /* SceneDelegate.swift in Sources */ = {isa = PBXBuildFile; fileRef = 96E12AC8242B14560084BB42 /* SceneDelegate.swift */; };
		96E12ACB242B14560084BB42 /* ViewController.swift in Sources */ = {isa = PBXBuildFile; fileRef = 96E12ACA242B14560084BB42 /* ViewController.swift */; };
		96E12ACE242B14560084BB42 /* Main.storyboard in Resources */ = {isa = PBXBuildFile; fileRef = 96E12ACC242B14560084BB42 /* Main.storyboard */; };
		96E12AD0242B14580084BB42 /* Assets.xcassets in Resources */ = {isa = PBXBuildFile; fileRef = 96E12ACF242B14580084BB42 /* Assets.xcassets */; };
		96E12AD3242B14580084BB42 /* LaunchScreen.storyboard in Resources */ = {isa = PBXBuildFile; fileRef = 96E12AD1242B14580084BB42 /* LaunchScreen.storyboard */; };
		96E12ADB242B174D0084BB42 /* dataModel.swift in Sources */ = {isa = PBXBuildFile; fileRef = 96E12ADA242B174D0084BB42 /* dataModel.swift */; };
/* End PBXBuildFile section */

/* Begin PBXFileReference section */
		23FD19DED4999F45AE068642 /* Pods-InfoCorona.debug.xcconfig */ = {isa = PBXFileReference; includeInIndex = 1; lastKnownFileType = text.xcconfig; name = "Pods-InfoCorona.debug.xcconfig"; path = "Target Support Files/Pods-InfoCorona/Pods-InfoCorona.debug.xcconfig"; sourceTree = "<group>"; };
		963845E2242C776000E355C5 /* XYMarkerView.swift */ = {isa = PBXFileReference; fileEncoding = 4; lastKnownFileType = sourcecode.swift; path = XYMarkerView.swift; sourceTree = "<group>"; };
		963845E8242C794200E355C5 /* BalloonMarker.swift */ = {isa = PBXFileReference; fileEncoding = 4; lastKnownFileType = sourcecode.swift; path = BalloonMarker.swift; sourceTree = "<group>"; };
		963845EA242C7CE000E355C5 /* dm.swift */ = {isa = PBXFileReference; lastKnownFileType = sourcecode.swift; path = dm.swift; sourceTree = "<group>"; };
		963845EE242CFF7400E355C5 /* mythTableViewCell.swift */ = {isa = PBXFileReference; lastKnownFileType = sourcecode.swift; path = mythTableViewCell.swift; sourceTree = "<group>"; };
		963845F0242D02EC00E355C5 /* mythVC.swift */ = {isa = PBXFileReference; lastKnownFileType = sourcecode.swift; path = mythVC.swift; sourceTree = "<group>"; };
		96E12AC3242B14560084BB42 /* InfoCorona.app */ = {isa = PBXFileReference; explicitFileType = wrapper.application; includeInIndex = 0; path = InfoCorona.app; sourceTree = BUILT_PRODUCTS_DIR; };
		96E12AC6242B14560084BB42 /* AppDelegate.swift */ = {isa = PBXFileReference; lastKnownFileType = sourcecode.swift; path = AppDelegate.swift; sourceTree = "<group>"; };
		96E12AC8242B14560084BB42 /* SceneDelegate.swift */ = {isa = PBXFileReference; lastKnownFileType = sourcecode.swift; path = SceneDelegate.swift; sourceTree = "<group>"; };
		96E12ACA242B14560084BB42 /* ViewController.swift */ = {isa = PBXFileReference; lastKnownFileType = sourcecode.swift; path = ViewController.swift; sourceTree = "<group>"; };
		96E12ACD242B14560084BB42 /* Base */ = {isa = PBXFileReference; lastKnownFileType = file.storyboard; name = Base; path = Base.lproj/Main.storyboard; sourceTree = "<group>"; };
		96E12ACF242B14580084BB42 /* Assets.xcassets */ = {isa = PBXFileReference; lastKnownFileType = folder.assetcatalog; path = Assets.xcassets; sourceTree = "<group>"; };
		96E12AD2242B14580084BB42 /* Base */ = {isa = PBXFileReference; lastKnownFileType = file.storyboard; name = Base; path = Base.lproj/LaunchScreen.storyboard; sourceTree = "<group>"; };
		96E12AD4242B14580084BB42 /* Info.plist */ = {isa = PBXFileReference; lastKnownFileType = text.plist.xml; path = Info.plist; sourceTree = "<group>"; };
		96E12ADA242B174D0084BB42 /* dataModel.swift */ = {isa = PBXFileReference; lastKnownFileType = sourcecode.swift; path = dataModel.swift; sourceTree = "<group>"; };
		B36CFCF2D7232B3871CF728E /* Pods_InfoCorona.framework */ = {isa = PBXFileReference; explicitFileType = wrapper.framework; includeInIndex = 0; path = Pods_InfoCorona.framework; sourceTree = BUILT_PRODUCTS_DIR; };
		FA91AA138E2210E4BDE0BD2A /* Pods-InfoCorona.release.xcconfig */ = {isa = PBXFileReference; includeInIndex = 1; lastKnownFileType = text.xcconfig; name = "Pods-InfoCorona.release.xcconfig"; path = "Target Support Files/Pods-InfoCorona/Pods-InfoCorona.release.xcconfig"; sourceTree = "<group>"; };
/* End PBXFileReference section */

/* Begin PBXFrameworksBuildPhase section */
		96E12AC0242B14560084BB42 /* Frameworks */ = {
			isa = PBXFrameworksBuildPhase;
			buildActionMask = 2147483647;
			files = (
				1C819761B2A41EA7AE8AFD95 /* Pods_InfoCorona.framework in Frameworks */,
			);
			runOnlyForDeploymentPostprocessing = 0;
		};
/* End PBXFrameworksBuildPhase section */

/* Begin PBXGroup section */
		5106ECDDA18C21C0A2C0FF03 /* Pods */ = {
			isa = PBXGroup;
			children = (
				23FD19DED4999F45AE068642 /* Pods-InfoCorona.debug.xcconfig */,
				FA91AA138E2210E4BDE0BD2A /* Pods-InfoCorona.release.xcconfig */,
			);
			path = Pods;
			sourceTree = "<group>";
		};
		96E12ABA242B14560084BB42 = {
			isa = PBXGroup;
			children = (
				96E12AC5242B14560084BB42 /* InfoCorona */,
				96E12AC4242B14560084BB42 /* Products */,
				5106ECDDA18C21C0A2C0FF03 /* Pods */,
				96EC428A3FB7ED01D0CDC4FA /* Frameworks */,
			);
			sourceTree = "<group>";
		};
		96E12AC4242B14560084BB42 /* Products */ = {
			isa = PBXGroup;
			children = (
				96E12AC3242B14560084BB42 /* InfoCorona.app */,
			);
			name = Products;
			sourceTree = "<group>";
		};
		96E12AC5242B14560084BB42 /* InfoCorona */ = {
			isa = PBXGroup;
			children = (
				96E12AC6242B14560084BB42 /* AppDelegate.swift */,
				96E12AC8242B14560084BB42 /* SceneDelegate.swift */,
				96E12ACA242B14560084BB42 /* ViewController.swift */,
				96E12ACC242B14560084BB42 /* Main.storyboard */,
				96E12ACF242B14580084BB42 /* Assets.xcassets */,
				96E12AD1242B14580084BB42 /* LaunchScreen.storyboard */,
				96E12AD4242B14580084BB42 /* Info.plist */,
				96E12ADA242B174D0084BB42 /* dataModel.swift */,
				963845E8242C794200E355C5 /* BalloonMarker.swift */,
				963845E2242C776000E355C5 /* XYMarkerView.swift */,
				963845EA242C7CE000E355C5 /* dm.swift */,
				963845EE242CFF7400E355C5 /* mythTableViewCell.swift */,
				963845F0242D02EC00E355C5 /* mythVC.swift */,
			);
			path = InfoCorona;
			sourceTree = "<group>";
		};
		96EC428A3FB7ED01D0CDC4FA /* Frameworks */ = {
			isa = PBXGroup;
			children = (
				B36CFCF2D7232B3871CF728E /* Pods_InfoCorona.framework */,
			);
			name = Frameworks;
			sourceTree = "<group>";
		};
/* End PBXGroup section */

/* Begin PBXNativeTarget section */
		96E12AC2242B14560084BB42 /* InfoCorona */ = {
			isa = PBXNativeTarget;
			buildConfigurationList = 96E12AD7242B14580084BB42 /* Build configuration list for PBXNativeTarget "InfoCorona" */;
			buildPhases = (
				40CA5E583460C0EF3F0E7694 /* [CP] Check Pods Manifest.lock */,
				96E12ABF242B14560084BB42 /* Sources */,
				96E12AC0242B14560084BB42 /* Frameworks */,
				96E12AC1242B14560084BB42 /* Resources */,
				7DD17E584D96FCA1AC92D320 /* [CP] Embed Pods Frameworks */,
			);
			buildRules = (
			);
			dependencies = (
			);
			name = InfoCorona;
			productName = InfoCorona;
			productReference = 96E12AC3242B14560084BB42 /* InfoCorona.app */;
			productType = "com.apple.product-type.application";
		};
/* End PBXNativeTarget section */

/* Begin PBXProject section */
		96E12ABB242B14560084BB42 /* Project object */ = {
			isa = PBXProject;
			attributes = {
				LastSwiftUpdateCheck = 1130;
				LastUpgradeCheck = 1130;
				ORGANIZATIONNAME = "Shivam Rishi";
				TargetAttributes = {
					96E12AC2242B14560084BB42 = {
						CreatedOnToolsVersion = 11.3.1;
					};
				};
			};
			buildConfigurationList = 96E12ABE242B14560084BB42 /* Build configuration list for PBXProject "InfoCorona" */;
			compatibilityVersion = "Xcode 9.3";
			developmentRegion = en;
			hasScannedForEncodings = 0;
			knownRegions = (
				en,
				Base,
			);
			mainGroup = 96E12ABA242B14560084BB42;
			productRefGroup = 96E12AC4242B14560084BB42 /* Products */;
			projectDirPath = "";
			projectRoot = "";
			targets = (
				96E12AC2242B14560084BB42 /* InfoCorona */,
			);
		};
/* End PBXProject section */

/* Begin PBXResourcesBuildPhase section */
		96E12AC1242B14560084BB42 /* Resources */ = {
			isa = PBXResourcesBuildPhase;
			buildActionMask = 2147483647;
			files = (
				96E12AD3242B14580084BB42 /* LaunchScreen.storyboard in Resources */,
				96E12AD0242B14580084BB42 /* Assets.xcassets in Resources */,
				96E12ACE242B14560084BB42 /* Main.storyboard in Resources */,
			);
			runOnlyForDeploymentPostprocessing = 0;
		};
/* End PBXResourcesBuildPhase section */

/* Begin PBXShellScriptBuildPhase section */
		40CA5E583460C0EF3F0E7694 /* [CP] Check Pods Manifest.lock */ = {
			isa = PBXShellScriptBuildPhase;
			buildActionMask = 2147483647;
			files = (
			);
			inputFileListPaths = (
			);
			inputPaths = (
				"${PODS_PODFILE_DIR_PATH}/Podfile.lock",
				"${PODS_ROOT}/Manifest.lock",
			);
			name = "[CP] Check Pods Manifest.lock";
			outputFileListPaths = (
			);
			outputPaths = (
				"$(DERIVED_FILE_DIR)/Pods-InfoCorona-checkManifestLockResult.txt",
			);
			runOnlyForDeploymentPostprocessing = 0;
			shellPath = /bin/sh;
			shellScript = "diff \"${PODS_PODFILE_DIR_PATH}/Podfile.lock\" \"${PODS_ROOT}/Manifest.lock\" > /dev/null\nif [ $? != 0 ] ; then\n    # print error to STDERR\n    echo \"error: The sandbox is not in sync with the Podfile.lock. Run 'pod install' or update your CocoaPods installation.\" >&2\n    exit 1\nfi\n# This output is used by Xcode 'outputs' to avoid re-running this script phase.\necho \"SUCCESS\" > \"${SCRIPT_OUTPUT_FILE_0}\"\n";
			showEnvVarsInLog = 0;
		};
		7DD17E584D96FCA1AC92D320 /* [CP] Embed Pods Frameworks */ = {
			isa = PBXShellScriptBuildPhase;
			buildActionMask = 2147483647;
			files = (
			);
			inputFileListPaths = (
				"${PODS_ROOT}/Target Support Files/Pods-InfoCorona/Pods-InfoCorona-frameworks-${CONFIGURATION}-input-files.xcfilelist",
			);
			name = "[CP] Embed Pods Frameworks";
			outputFileListPaths = (
				"${PODS_ROOT}/Target Support Files/Pods-InfoCorona/Pods-InfoCorona-frameworks-${CONFIGURATION}-output-files.xcfilelist",
			);
			runOnlyForDeploymentPostprocessing = 0;
			shellPath = /bin/sh;
			shellScript = "\"${PODS_ROOT}/Target Support Files/Pods-InfoCorona/Pods-InfoCorona-frameworks.sh\"\n";
			showEnvVarsInLog = 0;
		};
/* End PBXShellScriptBuildPhase section */

/* Begin PBXSourcesBuildPhase section */
		96E12ABF242B14560084BB42 /* Sources */ = {
			isa = PBXSourcesBuildPhase;
			buildActionMask = 2147483647;
			files = (
				96E12ACB242B14560084BB42 /* ViewController.swift in Sources */,
				96E12ADB242B174D0084BB42 /* dataModel.swift in Sources */,
				963845E3242C776000E355C5 /* XYMarkerView.swift in Sources */,
				963845EB242C7CE000E355C5 /* dm.swift in Sources */,
				96E12AC7242B14560084BB42 /* AppDelegate.swift in Sources */,
				96E12AC9242B14560084BB42 /* SceneDelegate.swift in Sources */,
				963845F1242D02EC00E355C5 /* mythVC.swift in Sources */,
				963845EF242CFF7400E355C5 /* mythTableViewCell.swift in Sources */,
				963845E9242C794200E355C5 /* BalloonMarker.swift in Sources */,
			);
			runOnlyForDeploymentPostprocessing = 0;
		};
/* End PBXSourcesBuildPhase section */

/* Begin PBXVariantGroup section */
		96E12ACC242B14560084BB42 /* Main.storyboard */ = {
			isa = PBXVariantGroup;
			children = (
				96E12ACD242B14560084BB42 /* Base */,
			);
			name = Main.storyboard;
			sourceTree = "<group>";
		};
		96E12AD1242B14580084BB42 /* LaunchScreen.storyboard */ = {
			isa = PBXVariantGroup;
			children = (
				96E12AD2242B14580084BB42 /* Base */,
			);
			name = LaunchScreen.storyboard;
			sourceTree = "<group>";
		};
/* End PBXVariantGroup section */

/* Begin XCBuildConfiguration section */
		96E12AD5242B14580084BB42 /* Debug */ = {
			isa = XCBuildConfiguration;
			buildSettings = {
				ALWAYS_SEARCH_USER_PATHS = NO;
				CLANG_ANALYZER_NONNULL = YES;
				CLANG_ANALYZER_NUMBER_OBJECT_CONVERSION = YES_AGGRESSIVE;
				CLANG_CXX_LANGUAGE_STANDARD = "gnu++14";
				CLANG_CXX_LIBRARY = "libc++";
				CLANG_ENABLE_MODULES = YES;
				CLANG_ENABLE_OBJC_ARC = YES;
				CLANG_ENABLE_OBJC_WEAK = YES;
				CLANG_WARN_BLOCK_CAPTURE_AUTORELEASING = YES;
				CLANG_WARN_BOOL_CONVERSION = YES;
				CLANG_WARN_COMMA = YES;
				CLANG_WARN_CONSTANT_CONVERSION = YES;
				CLANG_WARN_DEPRECATED_OBJC_IMPLEMENTATIONS = YES;
				CLANG_WARN_DIRECT_OBJC_ISA_USAGE = YES_ERROR;
				CLANG_WARN_DOCUMENTATION_COMMENTS = YES;
				CLANG_WARN_EMPTY_BODY = YES;
				CLANG_WARN_ENUM_CONVERSION = YES;
				CLANG_WARN_INFINITE_RECURSION = YES;
				CLANG_WARN_INT_CONVERSION = YES;
				CLANG_WARN_NON_LITERAL_NULL_CONVERSION = YES;
				CLANG_WARN_OBJC_IMPLICIT_RETAIN_SELF = YES;
				CLANG_WARN_OBJC_LITERAL_CONVERSION = YES;
				CLANG_WARN_OBJC_ROOT_CLASS = YES_ERROR;
				CLANG_WARN_RANGE_LOOP_ANALYSIS = YES;
				CLANG_WARN_STRICT_PROTOTYPES = YES;
				CLANG_WARN_SUSPICIOUS_MOVE = YES;
				CLANG_WARN_UNGUARDED_AVAILABILITY = YES_AGGRESSIVE;
				CLANG_WARN_UNREACHABLE_CODE = YES;
				CLANG_WARN__DUPLICATE_METHOD_MATCH = YES;
				COPY_PHASE_STRIP = NO;
				DEBUG_INFORMATION_FORMAT = dwarf;
				ENABLE_STRICT_OBJC_MSGSEND = YES;
				ENABLE_TESTABILITY = YES;
				GCC_C_LANGUAGE_STANDARD = gnu11;
				GCC_DYNAMIC_NO_PIC = NO;
				GCC_NO_COMMON_BLOCKS = YES;
				GCC_OPTIMIZATION_LEVEL = 0;
				GCC_PREPROCESSOR_DEFINITIONS = (
					"DEBUG=1",
					"$(inherited)",
				);
				GCC_WARN_64_TO_32_BIT_CONVERSION = YES;
				GCC_WARN_ABOUT_RETURN_TYPE = YES_ERROR;
				GCC_WARN_UNDECLARED_SELECTOR = YES;
				GCC_WARN_UNINITIALIZED_AUTOS = YES_AGGRESSIVE;
				GCC_WARN_UNUSED_FUNCTION = YES;
				GCC_WARN_UNUSED_VARIABLE = YES;
				IPHONEOS_DEPLOYMENT_TARGET = 11.1;
				MTL_ENABLE_DEBUG_INFO = INCLUDE_SOURCE;
				MTL_FAST_MATH = YES;
				ONLY_ACTIVE_ARCH = YES;
				SDKROOT = iphoneos;
				SWIFT_ACTIVE_COMPILATION_CONDITIONS = DEBUG;
				SWIFT_OPTIMIZATION_LEVEL = "-Onone";
			};
			name = Debug;
		};
		96E12AD6242B14580084BB42 /* Release */ = {
			isa = XCBuildConfiguration;
			buildSettings = {
				ALWAYS_SEARCH_USER_PATHS = NO;
				CLANG_ANALYZER_NONNULL = YES;
				CLANG_ANALYZER_NUMBER_OBJECT_CONVERSION = YES_AGGRESSIVE;
				CLANG_CXX_LANGUAGE_STANDARD = "gnu++14";
				CLANG_CXX_LIBRARY = "libc++";
				CLANG_ENABLE_MODULES = YES;
				CLANG_ENABLE_OBJC_ARC = YES;
				CLANG_ENABLE_OBJC_WEAK = YES;
				CLANG_WARN_BLOCK_CAPTURE_AUTORELEASING = YES;
				CLANG_WARN_BOOL_CONVERSION = YES;
				CLANG_WARN_COMMA = YES;
				CLANG_WARN_CONSTANT_CONVERSION = YES;
				CLANG_WARN_DEPRECATED_OBJC_IMPLEMENTATIONS = YES;
				CLANG_WARN_DIRECT_OBJC_ISA_USAGE = YES_ERROR;
				CLANG_WARN_DOCUMENTATION_COMMENTS = YES;
				CLANG_WARN_EMPTY_BODY = YES;
				CLANG_WARN_ENUM_CONVERSION = YES;
				CLANG_WARN_INFINITE_RECURSION = YES;
				CLANG_WARN_INT_CONVERSION = YES;
				CLANG_WARN_NON_LITERAL_NULL_CONVERSION = YES;
				CLANG_WARN_OBJC_IMPLICIT_RETAIN_SELF = YES;
				CLANG_WARN_OBJC_LITERAL_CONVERSION = YES;
				CLANG_WARN_OBJC_ROOT_CLASS = YES_ERROR;
				CLANG_WARN_RANGE_LOOP_ANALYSIS = YES;
				CLANG_WARN_STRICT_PROTOTYPES = YES;
				CLANG_WARN_SUSPICIOUS_MOVE = YES;
				CLANG_WARN_UNGUARDED_AVAILABILITY = YES_AGGRESSIVE;
				CLANG_WARN_UNREACHABLE_CODE = YES;
				CLANG_WARN__DUPLICATE_METHOD_MATCH = YES;
				COPY_PHASE_STRIP = NO;
				DEBUG_INFORMATION_FORMAT = "dwarf-with-dsym";
				ENABLE_NS_ASSERTIONS = NO;
				ENABLE_STRICT_OBJC_MSGSEND = YES;
				GCC_C_LANGUAGE_STANDARD = gnu11;
				GCC_NO_COMMON_BLOCKS = YES;
				GCC_WARN_64_TO_32_BIT_CONVERSION = YES;
				GCC_WARN_ABOUT_RETURN_TYPE = YES_ERROR;
				GCC_WARN_UNDECLARED_SELECTOR = YES;
				GCC_WARN_UNINITIALIZED_AUTOS = YES_AGGRESSIVE;
				GCC_WARN_UNUSED_FUNCTION = YES;
				GCC_WARN_UNUSED_VARIABLE = YES;
				IPHONEOS_DEPLOYMENT_TARGET = 11.1;
				MTL_ENABLE_DEBUG_INFO = NO;
				MTL_FAST_MATH = YES;
				SDKROOT = iphoneos;
				SWIFT_COMPILATION_MODE = wholemodule;
				SWIFT_OPTIMIZATION_LEVEL = "-O";
				VALIDATE_PRODUCT = YES;
			};
			name = Release;
		};
		96E12AD8242B14580084BB42 /* Debug */ = {
			isa = XCBuildConfiguration;
			baseConfigurationReference = 23FD19DED4999F45AE068642 /* Pods-InfoCorona.debug.xcconfig */;
			buildSettings = {
				ASSETCATALOG_COMPILER_APPICON_NAME = AppIcon;
				CODE_SIGN_STYLE = Automatic;
				DEVELOPMENT_TEAM = NBL2DFM5E9;
				INFOPLIST_FILE = InfoCorona/Info.plist;
				LD_RUNPATH_SEARCH_PATHS = (
					"$(inherited)",
					"@executable_path/Frameworks",
				);
				PRODUCT_BUNDLE_IDENTIFIER = com.rishi.InfoCorona;
				PRODUCT_NAME = "$(TARGET_NAME)";
				SWIFT_VERSION = 5.0;
				TARGETED_DEVICE_FAMILY = "1,2";
			};
			name = Debug;
		};
		96E12AD9242B14580084BB42 /* Release */ = {
			isa = XCBuildConfiguration;
			baseConfigurationReference = FA91AA138E2210E4BDE0BD2A /* Pods-InfoCorona.release.xcconfig */;
			buildSettings = {
				ASSETCATALOG_COMPILER_APPICON_NAME = AppIcon;
				CODE_SIGN_STYLE = Automatic;
				DEVELOPMENT_TEAM = NBL2DFM5E9;
				INFOPLIST_FILE = InfoCorona/Info.plist;
				LD_RUNPATH_SEARCH_PATHS = (
					"$(inherited)",
					"@executable_path/Frameworks",
				);
				PRODUCT_BUNDLE_IDENTIFIER = com.rishi.InfoCorona;
				PRODUCT_NAME = "$(TARGET_NAME)";
				SWIFT_VERSION = 5.0;
				TARGETED_DEVICE_FAMILY = "1,2";
			};
			name = Release;
		};
/* End XCBuildConfiguration section */

/* Begin XCConfigurationList section */
		96E12ABE242B14560084BB42 /* Build configuration list for PBXProject "InfoCorona" */ = {
			isa = XCConfigurationList;
			buildConfigurations = (
				96E12AD5242B14580084BB42 /* Debug */,
				96E12AD6242B14580084BB42 /* Release */,
			);
			defaultConfigurationIsVisible = 0;
			defaultConfigurationName = Release;
		};
		96E12AD7242B14580084BB42 /* Build configuration list for PBXNativeTarget "InfoCorona" */ = {
			isa = XCConfigurationList;
			buildConfigurations = (
				96E12AD8242B14580084BB42 /* Debug */,
				96E12AD9242B14580084BB42 /* Release */,
			);
			defaultConfigurationIsVisible = 0;
			defaultConfigurationName = Release;
		};
/* End XCConfigurationList section */
	};
	rootObject = 96E12ABB242B14560084BB42 /* Project object */;
}
